{
<<<<<<< HEAD
  "name": "source",
  "lockfileVersion": 3,
  "requires": true,
  "packages": {}
=======
  "name": "engse203-lab01",
  "version": "1.0.0",
  "lockfileVersion": 3,
  "requires": true,
  "packages": {
    "": {
      "name": "engse203-lab01",
      "version": "1.0.0",
      "license": "ISC"
    }
  }
>>>>>>> bb3339e497823167104ccf8052871d3e9df3a2ab
}
